
Microsoft Visual Studio Solution File, Format Version 12.00
# Visual Studio Version 16
VisualStudioVersion = 16.0.29609.76
MinimumVisualStudioVersion = 10.0.40219.1
Project("{2150E333-8FDC-42A3-9474-1A3956D46DE8}") = "2. Services", "2. Services", "{C38CD906-E502-4888-B89F-DB109F0C412D}"
EndProject
Project("{2150E333-8FDC-42A3-9474-1A3956D46DE8}") = "3. Application", "3. Application", "{E3D83174-DDCA-4241-A4E7-ECAA965F3A9E}"
EndProject
Project("{2150E333-8FDC-42A3-9474-1A3956D46DE8}") = "4. Domain", "4. Domain", "{AE764B6E-79E0-45B2-9511-BD499B26D363}"
EndProject
Project("{2150E333-8FDC-42A3-9474-1A3956D46DE8}") = "5. Infraestructure", "5. Infraestructure", "{79FCECEE-48CC-475D-BE73-10F80FD4933A}"
EndProject
Project("{2150E333-8FDC-42A3-9474-1A3956D46DE8}") = "6. Utilities", "6. Utilities", "{E0230FC5-FCBF-4E07-B36B-A91A645DB1C6}"
EndProject
Project("{FAE04EC0-301F-11D3-BF4B-00C04F79EFBC}") = "BS.Services", "BS.Services\BS.Services.csproj", "{53E4050E-09C4-4794-A018-AFA9EF49AC43}"
EndProject
Project("{FAE04EC0-301F-11D3-BF4B-00C04F79EFBC}") = "BS.Domain", "BS.Domain\BS.Domain.csproj", "{96FEE473-63E5-4497-8429-13CD37FAF02C}"
EndProject
Project("{FAE04EC0-301F-11D3-BF4B-00C04F79EFBC}") = "BS.Infrastructure", "BS.Infrastructure\BS.Infrastructure.csproj", "{360D2BD6-C028-40D6-A1B6-01CEE7C08DCF}"
EndProject
Project("{FAE04EC0-301F-11D3-BF4B-00C04F79EFBC}") = "BS.App.Implementation", "BS.App.Implementation\BS.App.Implementation.csproj", "{3655C582-FC5F-4205-B8D5-8F9AE6176F41}"
EndProject
Project("{FAE04EC0-301F-11D3-BF4B-00C04F79EFBC}") = "BS.App.Interfaces", "BS.App.Interfaces\BS.App.Interfaces.csproj", "{08618201-3079-4B8A-B835-56AE08381D50}"
EndProject
Global
	GlobalSection(SolutionConfigurationPlatforms) = preSolution
		Debug|Any CPU = Debug|Any CPU
		Release|Any CPU = Release|Any CPU
	EndGlobalSection
	GlobalSection(ProjectConfigurationPlatforms) = postSolution
		{53E4050E-09C4-4794-A018-AFA9EF49AC43}.Debug|Any CPU.ActiveCfg = Debug|Any CPU
		{53E4050E-09C4-4794-A018-AFA9EF49AC43}.Debug|Any CPU.Build.0 = Debug|Any CPU
		{53E4050E-09C4-4794-A018-AFA9EF49AC43}.Release|Any CPU.ActiveCfg = Release|Any CPU
		{53E4050E-09C4-4794-A018-AFA9EF49AC43}.Release|Any CPU.Build.0 = Release|Any CPU
		{96FEE473-63E5-4497-8429-13CD37FAF02C}.Debug|Any CPU.ActiveCfg = Debug|Any CPU
		{96FEE473-63E5-4497-8429-13CD37FAF02C}.Debug|Any CPU.Build.0 = Debug|Any CPU
		{96FEE473-63E5-4497-8429-13CD37FAF02C}.Release|Any CPU.ActiveCfg = Release|Any CPU
		{96FEE473-63E5-4497-8429-13CD37FAF02C}.Release|Any CPU.Build.0 = Release|Any CPU
		{360D2BD6-C028-40D6-A1B6-01CEE7C08DCF}.Debug|Any CPU.ActiveCfg = Debug|Any CPU
		{360D2BD6-C028-40D6-A1B6-01CEE7C08DCF}.Debug|Any CPU.Build.0 = Debug|Any CPU
		{360D2BD6-C028-40D6-A1B6-01CEE7C08DCF}.Release|Any CPU.ActiveCfg = Release|Any CPU
		{360D2BD6-C028-40D6-A1B6-01CEE7C08DCF}.Release|Any CPU.Build.0 = Release|Any CPU
		{3655C582-FC5F-4205-B8D5-8F9AE6176F41}.Debug|Any CPU.ActiveCfg = Debug|Any CPU
		{3655C582-FC5F-4205-B8D5-8F9AE6176F41}.Debug|Any CPU.Build.0 = Debug|Any CPU
		{3655C582-FC5F-4205-B8D5-8F9AE6176F41}.Release|Any CPU.ActiveCfg = Release|Any CPU
		{3655C582-FC5F-4205-B8D5-8F9AE6176F41}.Release|Any CPU.Build.0 = Release|Any CPU
		{08618201-3079-4B8A-B835-56AE08381D50}.Debug|Any CPU.ActiveCfg = Debug|Any CPU
		{08618201-3079-4B8A-B835-56AE08381D50}.Debug|Any CPU.Build.0 = Debug|Any CPU
		{08618201-3079-4B8A-B835-56AE08381D50}.Release|Any CPU.ActiveCfg = Release|Any CPU
		{08618201-3079-4B8A-B835-56AE08381D50}.Release|Any CPU.Build.0 = Release|Any CPU
	EndGlobalSection
	GlobalSection(SolutionProperties) = preSolution
		HideSolutionNode = FALSE
	EndGlobalSection
	GlobalSection(NestedProjects) = preSolution
		{53E4050E-09C4-4794-A018-AFA9EF49AC43} = {C38CD906-E502-4888-B89F-DB109F0C412D}
		{96FEE473-63E5-4497-8429-13CD37FAF02C} = {AE764B6E-79E0-45B2-9511-BD499B26D363}
		{360D2BD6-C028-40D6-A1B6-01CEE7C08DCF} = {79FCECEE-48CC-475D-BE73-10F80FD4933A}
		{3655C582-FC5F-4205-B8D5-8F9AE6176F41} = {E3D83174-DDCA-4241-A4E7-ECAA965F3A9E}
		{08618201-3079-4B8A-B835-56AE08381D50} = {E3D83174-DDCA-4241-A4E7-ECAA965F3A9E}
	EndGlobalSection
	GlobalSection(ExtensibilityGlobals) = postSolution
		SolutionGuid = {4F61A1CA-E089-4EA0-8C0E-07ED6AAF15BA}
	EndGlobalSection
EndGlobal
